<?xml version="1.0" encoding="utf-8"?>
<Project ToolsVersion="4.0" xmlns="http://schemas.microsoft.com/developer/msbuild/2003">
  <ItemGroup>
    <Filter Include="소스 파일">
      <UniqueIdentifier>{4FC737F1-C7A5-4376-A066-2A32D752A2FF}</UniqueIdentifier>
      <Extensions>cpp;c;cc;cxx;def;odl;idl;hpj;bat;asm;asmx</Extensions>
    </Filter>
    <Filter Include="헤더 파일">
      <UniqueIdentifier>{93995380-89BD-4b04-88EB-625FBE52EBFB}</UniqueIdentifier>
      <Extensions>h;hh;hpp;hxx;hm;inl;inc;xsd</Extensions>
    </Filter>
    <Filter Include="리소스 파일">
      <UniqueIdentifier>{67DA6AB6-F800-4c08-8B7A-83BB121AAD01}</UniqueIdentifier>
      <Extensions>rc;ico;cur;bmp;dlg;rc2;rct;bin;rgs;gif;jpg;jpeg;jpe;resx;tiff;tif;png;wav;mfcribbon-ms</Extensions>
    </Filter>
    <Filter Include="소스 파일\GameObj">
      <UniqueIdentifier>{e1f59320-3619-4488-b8eb-699f9367db14}</UniqueIdentifier>
    </Filter>
    <Filter Include="소스 파일\Renderer">
      <UniqueIdentifier>{9208c3ad-cd24-400c-b921-35b2d8884355}</UniqueIdentifier>
    </Filter>
    <Filter Include="소스 파일\GameObj\Player">
      <UniqueIdentifier>{98c07434-7013-4d52-8db1-3afaaae49269}</UniqueIdentifier>
    </Filter>
    <Filter Include="소스 파일\Physics">
      <UniqueIdentifier>{506c7d58-0b82-4a49-802e-70b39a0fa7fa}</UniqueIdentifier>
    </Filter>
    <Filter Include="소스 파일\GameObj\Bullet">
      <UniqueIdentifier>{2d2b8c87-bc5e-462a-ac50-408186641ba3}</UniqueIdentifier>
    </Filter>
    <Filter Include="헤더 파일\headerSet">
      <UniqueIdentifier>{32927143-7442-4716-aed9-094c34739daf}</UniqueIdentifier>
    </Filter>
    <Filter Include="소스 파일\Renderer\LoadPng">
      <UniqueIdentifier>{823f6d74-d4e2-43e7-a0c8-2593f6c9c458}</UniqueIdentifier>
    </Filter>
    <Filter Include="소스 파일\GameMgr">
      <UniqueIdentifier>{18afa038-0317-4815-b43f-c13eabeb24a4}</UniqueIdentifier>
    </Filter>
    <Filter Include="소스 파일\GameMgr\ObjMgr">
      <UniqueIdentifier>{29d8af69-d704-4505-931e-ddee0a23e7e5}</UniqueIdentifier>
    </Filter>
    <Filter Include="소스 파일\GameMgr\GameMgr">
      <UniqueIdentifier>{172e5f06-ea29-4c33-be8e-e15c5c434cb0}</UniqueIdentifier>
    </Filter>
    <Filter Include="소스 파일\GameMgr\TexMgr">
      <UniqueIdentifier>{d7c01a28-d51f-41be-a6b7-d5af0d98ffac}</UniqueIdentifier>
    </Filter>
    <Filter Include="소스 파일\GameObj\Enemy">
      <UniqueIdentifier>{b65c14ab-d528-4359-9be2-0faf4928fd67}</UniqueIdentifier>
    </Filter>
    <Filter Include="소스 파일\GameMgr\GameController">
      <UniqueIdentifier>{4d9806e2-b95e-4328-af5d-a46faeb96317}</UniqueIdentifier>
    </Filter>
    <Filter Include="소스 파일\Renderer\shaders">
      <UniqueIdentifier>{aa86e47f-445f-4440-9a76-173363b46c4e}</UniqueIdentifier>
    </Filter>
    <Filter Include="소스 파일\GameMgr\ScnMgr">
      <UniqueIdentifier>{f30cf407-4823-4419-8cce-70713061234a}</UniqueIdentifier>
    </Filter>
    <Filter Include="소스 파일\GameObj\StaticObj">
      <UniqueIdentifier>{05f03e71-2c3d-4427-a596-28cda5cc93da}</UniqueIdentifier>
    </Filter>
    <Filter Include="헤더 파일\Struct">
      <UniqueIdentifier>{44489fc7-e2e8-4e31-b69c-d33c5d4f2449}</UniqueIdentifier>
    </Filter>
    <Filter Include="소스 파일\Sound">
      <UniqueIdentifier>{698fb85a-c963-4587-af38-c37518c7c8cf}</UniqueIdentifier>
    </Filter>
  </ItemGroup>
  <ItemGroup>
    <ClInclude Include="stdafx.h">
      <Filter>헤더 파일</Filter>
    </ClInclude>
    <ClInclude Include="targetver.h">
      <Filter>헤더 파일</Filter>
    </ClInclude>
    <ClInclude Include="GameMgr.h">
      <Filter>소스 파일\GameMgr\GameMgr</Filter>
    </ClInclude>
    <ClInclude Include="GameObj.h">
      <Filter>소스 파일\GameObj</Filter>
    </ClInclude>
    <ClInclude Include="Renderer.h">
      <Filter>소스 파일\Renderer</Filter>
    </ClInclude>
    <ClInclude Include="Color.h">
      <Filter>헤더 파일\Struct</Filter>
    </ClInclude>
    <ClInclude Include="Vector.h">
      <Filter>헤더 파일\Struct</Filter>
    </ClInclude>
    <ClInclude Include="GameController.h">
      <Filter>소스 파일\GameMgr\GameController</Filter>
    </ClInclude>
    <ClInclude Include="Direction.h">
      <Filter>헤더 파일\Struct</Filter>
    </ClInclude>
    <ClInclude Include="Physics.h">
      <Filter>소스 파일\Physics</Filter>
    </ClInclude>
    <ClInclude Include="Player.h">
      <Filter>소스 파일\GameObj\Player</Filter>
    </ClInclude>
    <ClInclude Include="ObjectSet.h">
      <Filter>헤더 파일\headerSet</Filter>
    </ClInclude>
    <ClInclude Include="LoadPng.h">
      <Filter>소스 파일\Renderer\LoadPng</Filter>
    </ClInclude>
    <ClInclude Include="ObjMgr.h">
      <Filter>소스 파일\GameMgr\ObjMgr</Filter>
    </ClInclude>
    <ClInclude Include="ObjMgr.hpp">
      <Filter>소스 파일\GameMgr\ObjMgr</Filter>
    </ClInclude>
    <ClInclude Include="TexMgr.h">
      <Filter>소스 파일\GameMgr\TexMgr</Filter>
    </ClInclude>
    <ClInclude Include="GameActor.h">
      <Filter>소스 파일\GameObj</Filter>
    </ClInclude>
    <ClInclude Include="BlockBox.h">
      <Filter>소스 파일\GameObj\StaticObj</Filter>
    </ClInclude>
    <ClInclude Include="MomsHand.h">
      <Filter>소스 파일\GameObj\Enemy</Filter>
    </ClInclude>
    <ClInclude Include="Tentacle.h">
      <Filter>소스 파일\GameObj\Enemy</Filter>
    </ClInclude>
    <ClInclude Include="ScnMgr.h">
      <Filter>소스 파일\GameMgr\ScnMgr</Filter>
    </ClInclude>
    <ClInclude Include="Enum.h">
      <Filter>헤더 파일\Struct</Filter>
    </ClInclude>
    <ClInclude Include="PortalBox.h">
      <Filter>소스 파일\GameObj\StaticObj</Filter>
    </ClInclude>
    <ClInclude Include="Sound.h">
      <Filter>소스 파일\Sound</Filter>
    </ClInclude>
    <ClInclude Include="Polyc.h">
      <Filter>소스 파일\GameObj\Enemy</Filter>
    </ClInclude>
    <ClInclude Include="Bullet.h">
      <Filter>소스 파일\GameObj\Bullet</Filter>
    </ClInclude>
    <ClInclude Include="Fly.h">
      <Filter>소스 파일\GameObj\Enemy</Filter>
    </ClInclude>
    <ClInclude Include="ObjBox.h">
      <Filter>소스 파일\GameObj\StaticObj</Filter>
    </ClInclude>
    <ClInclude Include="Judas.h">
      <Filter>소스 파일\GameObj\Enemy</Filter>
    </ClInclude>
  </ItemGroup>
  <ItemGroup>
    <ClCompile Include="stdafx.cpp">
      <Filter>소스 파일</Filter>
    </ClCompile>
    <ClCompile Include="SimpleGame.cpp">
      <Filter>소스 파일</Filter>
    </ClCompile>
    <ClCompile Include="GameMgr.cpp">
      <Filter>소스 파일\GameMgr\GameMgr</Filter>
    </ClCompile>
    <ClCompile Include="GameObj.cpp">
      <Filter>소스 파일\GameObj</Filter>
    </ClCompile>
    <ClCompile Include="Renderer.cpp">
      <Filter>소스 파일\Renderer</Filter>
    </ClCompile>
    <ClCompile Include="GameController.cpp">
      <Filter>소스 파일\GameMgr\GameController</Filter>
    </ClCompile>
    <ClCompile Include="Player.cpp">
      <Filter>소스 파일\GameObj\Player</Filter>
    </ClCompile>
    <ClCompile Include="Physics.cpp">
      <Filter>소스 파일\Physics</Filter>
    </ClCompile>
    <ClCompile Include="LoadPng.cpp">
      <Filter>소스 파일\Renderer\LoadPng</Filter>
    </ClCompile>
    <ClCompile Include="ObjMgr.cpp">
      <Filter>소스 파일\GameMgr\ObjMgr</Filter>
    </ClCompile>
    <ClCompile Include="TexMgr.cpp">
      <Filter>소스 파일\GameMgr\TexMgr</Filter>
    </ClCompile>
    <ClCompile Include="GameActor.cpp">
      <Filter>소스 파일\GameObj</Filter>
    </ClCompile>
    <ClCompile Include="BlockBox.cpp">
      <Filter>소스 파일\GameObj\StaticObj</Filter>
    </ClCompile>
    <ClCompile Include="ScnMgr.cpp">
      <Filter>소스 파일\GameMgr\ScnMgr</Filter>
    </ClCompile>
    <ClCompile Include="MomsHand.cpp">
      <Filter>소스 파일\GameObj\Enemy</Filter>
    </ClCompile>
    <ClCompile Include="Tentacle.cpp">
      <Filter>소스 파일\GameObj\Enemy</Filter>
    </ClCompile>
    <ClCompile Include="PortalBox.cpp">
      <Filter>소스 파일\GameObj\StaticObj</Filter>
    </ClCompile>
    <ClCompile Include="Sound.cpp">
      <Filter>소스 파일\Sound</Filter>
    </ClCompile>
    <ClCompile Include="Polyc.cpp">
      <Filter>소스 파일\GameObj\Enemy</Filter>
    </ClCompile>
    <ClCompile Include="Bullet.cpp">
      <Filter>소스 파일\GameObj\Bullet</Filter>
    </ClCompile>
    <ClCompile Include="Fly.cpp">
      <Filter>소스 파일\GameObj\Enemy</Filter>
    </ClCompile>
    <ClCompile Include="ObjBox.cpp">
      <Filter>소스 파일\GameObj\StaticObj</Filter>
    </ClCompile>
    <ClCompile Include="Judas.cpp">
      <Filter>소스 파일\GameObj\Enemy</Filter>
    </ClCompile>
  </ItemGroup>
  <ItemGroup>
    <None Include="Shaders\SolidRect.fs">
      <Filter>소스 파일\Renderer\shaders</Filter>
    </None>
    <None Include="Shaders\SolidRect.vs">
      <Filter>소스 파일\Renderer\shaders</Filter>
    </None>
  </ItemGroup>
</Project>